
Microsoft Visual Studio Solution File, Format Version 12.00
# Visual Studio Version 16
VisualStudioVersion = 16.0.30413.136
MinimumVisualStudioVersion = 10.0.40219.1
Project("{FAE04EC0-301F-11D3-BF4B-00C04F79EFBC}") = "TechnicalAssignment3a", "TechnicalAssignment3a.csproj", "{90E0E7C1-FE0C-4B15-8A11-F67F5BFF5803}"
EndProject
Global
	GlobalSection(SolutionConfigurationPlatforms) = preSolution
		Debug|Any CPU = Debug|Any CPU
		Release|Any CPU = Release|Any CPU
	EndGlobalSection
	GlobalSection(ProjectConfigurationPlatforms) = postSolution
		{90E0E7C1-FE0C-4B15-8A11-F67F5BFF5803}.Debug|Any CPU.ActiveCfg = Debug|Any CPU
		{90E0E7C1-FE0C-4B15-8A11-F67F5BFF5803}.Debug|Any CPU.Build.0 = Debug|Any CPU
		{90E0E7C1-FE0C-4B15-8A11-F67F5BFF5803}.Release|Any CPU.ActiveCfg = Release|Any CPU
		{90E0E7C1-FE0C-4B15-8A11-F67F5BFF5803}.Release|Any CPU.Build.0 = Release|Any CPU
	EndGlobalSection
	GlobalSection(SolutionProperties) = preSolution
		HideSolutionNode = FALSE
	EndGlobalSection
	GlobalSection(ExtensibilityGlobals) = postSolution
		SolutionGuid = {D24ACE9E-4B3E-4B38-8F6C-F9DA0855D340}
	EndGlobalSection
EndGlobal
